// !$*UTF8*$!
{
	archiveVersion = 1;
	classes = {
	};
	objectVersion = 46;
	objects = {

/* Begin PBXBuildFile section */
		130883791E94953B00FDBEEC /* AppDelegate.swift in Sources */ = {isa = PBXBuildFile; fileRef = 130883781E94953B00FDBEEC /* AppDelegate.swift */; };
		1308837B1E94953B00FDBEEC /* ViewController.swift in Sources */ = {isa = PBXBuildFile; fileRef = 1308837A1E94953B00FDBEEC /* ViewController.swift */; };
		1308837E1E94953B00FDBEEC /* Main.storyboard in Resources */ = {isa = PBXBuildFile; fileRef = 1308837C1E94953B00FDBEEC /* Main.storyboard */; };
		130883801E94953B00FDBEEC /* Assets.xcassets in Resources */ = {isa = PBXBuildFile; fileRef = 1308837F1E94953B00FDBEEC /* Assets.xcassets */; };
		130883831E94953B00FDBEEC /* LaunchScreen.storyboard in Resources */ = {isa = PBXBuildFile; fileRef = 130883811E94953B00FDBEEC /* LaunchScreen.storyboard */; };
		130883901E94957100FDBEEC /* silent.mp3 in Resources */ = {isa = PBXBuildFile; fileRef = 1308838E1E94957100FDBEEC /* silent.mp3 */; };
		130883911E94957100FDBEEC /* UIApplication+isBackgroundModeEnabled.swift in Sources */ = {isa = PBXBuildFile; fileRef = 1308838F1E94957100FDBEEC /* UIApplication+isBackgroundModeEnabled.swift */; };
/* End PBXBuildFile section */

/* Begin PBXFileReference section */
		130883751E94953B00FDBEEC /* Example.app */ = {isa = PBXFileReference; explicitFileType = wrapper.application; includeInIndex = 0; path = Example.app; sourceTree = BUILT_PRODUCTS_DIR; };
		130883781E94953B00FDBEEC /* AppDelegate.swift */ = {isa = PBXFileReference; lastKnownFileType = sourcecode.swift; path = AppDelegate.swift; sourceTree = "<group>"; };
		1308837A1E94953B00FDBEEC /* ViewController.swift */ = {isa = PBXFileReference; lastKnownFileType = sourcecode.swift; path = ViewController.swift; sourceTree = "<group>"; };
		1308837D1E94953B00FDBEEC /* Base */ = {isa = PBXFileReference; lastKnownFileType = file.storyboard; name = Base; path = Base.lproj/Main.storyboard; sourceTree = "<group>"; };
		1308837F1E94953B00FDBEEC /* Assets.xcassets */ = {isa = PBXFileReference; lastKnownFileType = folder.assetcatalog; path = Assets.xcassets; sourceTree = "<group>"; };
		130883821E94953B00FDBEEC /* Base */ = {isa = PBXFileReference; lastKnownFileType = file.storyboard; name = Base; path = Base.lproj/LaunchScreen.storyboard; sourceTree = "<group>"; };
		130883841E94953B00FDBEEC /* Info.plist */ = {isa = PBXFileReference; lastKnownFileType = text.plist.xml; path = Info.plist; sourceTree = "<group>"; };
		1308838E1E94957100FDBEEC /* silent.mp3 */ = {isa = PBXFileReference; lastKnownFileType = audio.mp3; path = silent.mp3; sourceTree = "<group>"; };
		1308838F1E94957100FDBEEC /* UIApplication+isBackgroundModeEnabled.swift */ = {isa = PBXFileReference; fileEncoding = 4; lastKnownFileType = sourcecode.swift; path = "UIApplication+isBackgroundModeEnabled.swift"; sourceTree = "<group>"; };
/* End PBXFileReference section */

/* Begin PBXFrameworksBuildPhase section */
		130883721E94953B00FDBEEC /* Frameworks */ = {
			isa = PBXFrameworksBuildPhase;
			buildActionMask = 2147483647;
			files = (
			);
			runOnlyForDeploymentPostprocessing = 0;
		};
/* End PBXFrameworksBuildPhase section */

/* Begin PBXGroup section */
		1308836C1E94953B00FDBEEC = {
			isa = PBXGroup;
			children = (
				130883771E94953B00FDBEEC /* Example */,
				130883761E94953B00FDBEEC /* Products */,
			);
			sourceTree = "<group>";
		};
		130883761E94953B00FDBEEC /* Products */ = {
			isa = PBXGroup;
			children = (
				130883751E94953B00FDBEEC /* Example.app */,
			);
			name = Products;
			sourceTree = "<group>";
		};
		130883771E94953B00FDBEEC /* Example */ = {
			isa = PBXGroup;
			children = (
				130883781E94953B00FDBEEC /* AppDelegate.swift */,
				1308837A1E94953B00FDBEEC /* ViewController.swift */,
				1308837C1E94953B00FDBEEC /* Main.storyboard */,
				1308838D1E94957100FDBEEC /* UIApplication+isBackgroundModeEnabled */,
				1308838A1E94955200FDBEEC /* Supporting Files */,
			);
			path = Example;
			sourceTree = "<group>";
		};
		1308838A1E94955200FDBEEC /* Supporting Files */ = {
			isa = PBXGroup;
			children = (
				1308837F1E94953B00FDBEEC /* Assets.xcassets */,
				130883811E94953B00FDBEEC /* LaunchScreen.storyboard */,
				130883841E94953B00FDBEEC /* Info.plist */,
			);
			name = "Supporting Files";
			sourceTree = "<group>";
		};
		1308838D1E94957100FDBEEC /* UIApplication+isBackgroundModeEnabled */ = {
			isa = PBXGroup;
			children = (
				1308838F1E94957100FDBEEC /* UIApplication+isBackgroundModeEnabled.swift */,
				1308838E1E94957100FDBEEC /* silent.mp3 */,
			);
			name = "UIApplication+isBackgroundModeEnabled";
			path = "../../UIApplication+isBackgroundModeEnabled";
			sourceTree = "<group>";
		};
/* End PBXGroup section */

/* Begin PBXNativeTarget section */
		130883741E94953B00FDBEEC /* Example */ = {
			isa = PBXNativeTarget;
			buildConfigurationList = 130883871E94953B00FDBEEC /* Build configuration list for PBXNativeTarget "Example" */;
			buildPhases = (
				130883711E94953B00FDBEEC /* Sources */,
				130883721E94953B00FDBEEC /* Frameworks */,
				130883731E94953B00FDBEEC /* Resources */,
			);
			buildRules = (
			);
			dependencies = (
			);
			name = Example;
			productName = Example;
			productReference = 130883751E94953B00FDBEEC /* Example.app */;
			productType = "com.apple.product-type.application";
		};
/* End PBXNativeTarget section */

/* Begin PBXProject section */
		1308836D1E94953B00FDBEEC /* Project object */ = {
			isa = PBXProject;
			attributes = {
				LastSwiftUpdateCheck = 0830;
				LastUpgradeCheck = 0830;
				ORGANIZATIONNAME = "Watanabe Toshinori";
				TargetAttributes = {
					130883741E94953B00FDBEEC = {
						CreatedOnToolsVersion = 8.3;
						ProvisioningStyle = Automatic;
						SystemCapabilities = {
							com.apple.BackgroundModes = {
								enabled = 1;
							};
						};
					};
				};
			};
			buildConfigurationList = 130883701E94953B00FDBEEC /* Build configuration list for PBXProject "Example" */;
			compatibilityVersion = "Xcode 3.2";
			developmentRegion = English;
			hasScannedForEncodings = 0;
			knownRegions = (
				en,
				Base,
			);
			mainGroup = 1308836C1E94953B00FDBEEC;
			productRefGroup = 130883761E94953B00FDBEEC /* Products */;
			projectDirPath = "";
			projectRoot = "";
			targets = (
				130883741E94953B00FDBEEC /* Example */,
			);
		};
/* End PBXProject section */

/* Begin PBXResourcesBuildPhase section */
		130883731E94953B00FDBEEC /* Resources */ = {
			isa = PBXResourcesBuildPhase;
			buildActionMask = 2147483647;
			files = (
				130883831E94953B00FDBEEC /* LaunchScreen.storyboard in Resources */,
				130883801E94953B00FDBEEC /* Assets.xcassets in Resources */,
				1308837E1E94953B00FDBEEC /* Main.storyboard in Resources */,
				130883901E94957100FDBEEC /* silent.mp3 in Resources */,
			);
			runOnlyForDeploymentPostprocessing = 0;
		};
/* End PBXResourcesBuildPhase section */

/* Begin PBXSourcesBuildPhase section */
		130883711E94953B00FDBEEC /* Sources */ = {
			isa = PBXSourcesBuildPhase;
			buildActionMask = 2147483647;
			files = (
				1308837B1E94953B00FDBEEC /* ViewController.swift in Sources */,
				130883911E94957100FDBEEC /* UIApplication+isBackgroundModeEnabled.swift in Sources */,
				130883791E94953B00FDBEEC /* AppDelegate.swift in Sources */,
			);
			runOnlyForDeploymentPostprocessing = 0;
		};
/* End PBXSourcesBuildPhase section */

/* Begin PBXVariantGroup section */
		1308837C1E94953B00FDBEEC /* Main.storyboard */ = {
			isa = PBXVariantGroup;
			children = (
				1308837D1E94953B00FDBEEC /* Base */,
			);
			name = Main.storyboard;
			sourceTree = "<group>";
		};
		130883811E94953B00FDBEEC /* LaunchScreen.storyboard */ = {
			isa = PBXVariantGroup;
			children = (
				130883821E94953B00FDBEEC /* Base */,
			);
			name = LaunchScreen.storyboard;
			sourceTree = "<group>";
		};
/* End PBXVariantGroup section */

/* Begin XCBuildConfiguration section */
		130883851E94953B00FDBEEC /* Debug */ = {
			isa = XCBuildConfiguration;
			buildSettings = {
				ALWAYS_SEARCH_USER_PATHS = NO;
				CLANG_ANALYZER_NONNULL = YES;
				CLANG_ANALYZER_NUMBER_OBJECT_CONVERSION = YES_AGGRESSIVE;
				CLANG_CXX_LANGUAGE_STANDARD = "gnu++0x";
				CLANG_CXX_LIBRARY = "libc++";
				CLANG_ENABLE_MODULES = YES;
				CLANG_ENABLE_OBJC_ARC = YES;
				CLANG_WARN_BOOL_CONVERSION = YES;
				CLANG_WARN_CONSTANT_CONVERSION = YES;
				CLANG_WARN_DIRECT_OBJC_ISA_USAGE = YES_ERROR;
				CLANG_WARN_DOCUMENTATION_COMMENTS = YES;
				CLANG_WARN_EMPTY_BODY = YES;
				CLANG_WARN_ENUM_CONVERSION = YES;
				CLANG_WARN_INFINITE_RECURSION = YES;
				CLANG_WARN_INT_CONVERSION = YES;
				CLANG_WARN_OBJC_ROOT_CLASS = YES_ERROR;
				CLANG_WARN_SUSPICIOUS_MOVE = YES;
				CLANG_WARN_UNREACHABLE_CODE = YES;
				CLANG_WARN__DUPLICATE_METHOD_MATCH = YES;
				"CODE_SIGN_IDENTITY[sdk=iphoneos*]" = "iPhone Developer";
				COPY_PHASE_STRIP = NO;
				DEBUG_INFORMATION_FORMAT = dwarf;
				ENABLE_STRICT_OBJC_MSGSEND = YES;
				ENABLE_TESTABILITY = YES;
				GCC_C_LANGUAGE_STANDARD = gnu99;
				GCC_DYNAMIC_NO_PIC = NO;
				GCC_NO_COMMON_BLOCKS = YES;
				GCC_OPTIMIZATION_LEVEL = 0;
				GCC_PREPROCESSOR_DEFINITIONS = (
					"DEBUG=1",
					"$(inherited)",
				);
				GCC_WARN_64_TO_32_BIT_CONVERSION = YES;
				GCC_WARN_ABOUT_RETURN_TYPE = YES_ERROR;
				GCC_WARN_UNDECLARED_SELECTOR = YES;
				GCC_WARN_UNINITIALIZED_AUTOS = YES_AGGRESSIVE;
				GCC_WARN_UNUSED_FUNCTION = YES;
				GCC_WARN_UNUSED_VARIABLE = YES;
				IPHONEOS_DEPLOYMENT_TARGET = 10.3;
				MTL_ENABLE_DEBUG_INFO = YES;
				ONLY_ACTIVE_ARCH = YES;
				SDKROOT = iphoneos;
				SWIFT_ACTIVE_COMPILATION_CONDITIONS = DEBUG;
				SWIFT_OPTIMIZATION_LEVEL = "-Onone";
			};
			name = Debug;
		};
		130883861E94953B00FDBEEC /* Release */ = {
			isa = XCBuildConfiguration;
			buildSettings = {
				ALWAYS_SEARCH_USER_PATHS = NO;
				CLANG_ANALYZER_NONNULL = YES;
				CLANG_ANALYZER_NUMBER_OBJECT_CONVERSION = YES_AGGRESSIVE;
				CLANG_CXX_LANGUAGE_STANDARD = "gnu++0x";
				CLANG_CXX_LIBRARY = "libc++";
				CLANG_ENABLE_MODULES = YES;
				CLANG_ENABLE_OBJC_ARC = YES;
				CLANG_WARN_BOOL_CONVERSION = YES;
				CLANG_WARN_CONSTANT_CONVERSION = YES;
				CLANG_WARN_DIRECT_OBJC_ISA_USAGE = YES_ERROR;
				CLANG_WARN_DOCUMENTATION_COMMENTS = YES;
				CLANG_WARN_EMPTY_BODY = YES;
				CLANG_WARN_ENUM_CONVERSION = YES;
				CLANG_WARN_INFINITE_RECURSION = YES;
				CLANG_WARN_INT_CONVERSION = YES;
				CLANG_WARN_OBJC_ROOT_CLASS = YES_ERROR;
				CLANG_WARN_SUSPICIOUS_MOVE = YES;
				CLANG_WARN_UNREACHABLE_CODE = YES;
				CLANG_WARN__DUPLICATE_METHOD_MATCH = YES;
				"CODE_SIGN_IDENTITY[sdk=iphoneos*]" = "iPhone Developer";
				COPY_PHASE_STRIP = NO;
				DEBUG_INFORMATION_FORMAT = "dwarf-with-dsym";
				ENABLE_NS_ASSERTIONS = NO;
				ENABLE_STRICT_OBJC_MSGSEND = YES;
				GCC_C_LANGUAGE_STANDARD = gnu99;
				GCC_NO_COMMON_BLOCKS = YES;
				GCC_WARN_64_TO_32_BIT_CONVERSION = YES;
				GCC_WARN_ABOUT_RETURN_TYPE = YES_ERROR;
				GCC_WARN_UNDECLARED_SELECTOR = YES;
				GCC_WARN_UNINITIALIZED_AUTOS = YES_AGGRESSIVE;
				GCC_WARN_UNUSED_FUNCTION = YES;
				GCC_WARN_UNUSED_VARIABLE = YES;
				IPHONEOS_DEPLOYMENT_TARGET = 10.3;
				MTL_ENABLE_DEBUG_INFO = NO;
				SDKROOT = iphoneos;
				SWIFT_OPTIMIZATION_LEVEL = "-Owholemodule";
				VALIDATE_PRODUCT = YES;
			};
			name = Release;
		};
		130883881E94953B00FDBEEC /* Debug */ = {
			isa = XCBuildConfiguration;
			buildSettings = {
				ASSETCATALOG_COMPILER_APPICON_NAME = AppIcon;
				INFOPLIST_FILE = Example/Info.plist;
				LD_RUNPATH_SEARCH_PATHS = "$(inherited) @executable_path/Frameworks";
				PRODUCT_BUNDLE_IDENTIFIER = "com.blue-developer.Example";
				PRODUCT_NAME = "$(TARGET_NAME)";
				SWIFT_VERSION = 3.0;
			};
			name = Debug;
		};
		130883891E94953B00FDBEEC /* Release */ = {
			isa = XCBuildConfiguration;
			buildSettings = {
				ASSETCATALOG_COMPILER_APPICON_NAME = AppIcon;
				INFOPLIST_FILE = Example/Info.plist;
				LD_RUNPATH_SEARCH_PATHS = "$(inherited) @executable_path/Frameworks";
				PRODUCT_BUNDLE_IDENTIFIER = "com.blue-developer.Example";
				PRODUCT_NAME = "$(TARGET_NAME)";
				SWIFT_VERSION = 3.0;
			};
			name = Release;
		};
/* End XCBuildConfiguration section */

/* Begin XCConfigurationList section */
		130883701E94953B00FDBEEC /* Build configuration list for PBXProject "Example" */ = {
			isa = XCConfigurationList;
			buildConfigurations = (
				130883851E94953B00FDBEEC /* Debug */,
				130883861E94953B00FDBEEC /* Release */,
			);
			defaultConfigurationIsVisible = 0;
			defaultConfigurationName = Release;
		};
		130883871E94953B00FDBEEC /* Build configuration list for PBXNativeTarget "Example" */ = {
			isa = XCConfigurationList;
			buildConfigurations = (
				130883881E94953B00FDBEEC /* Debug */,
				130883891E94953B00FDBEEC /* Release */,
			);
			defaultConfigurationIsVisible = 0;
			defaultConfigurationName = Release;
		};
/* End XCConfigurationList section */
	};
	rootObject = 1308836D1E94953B00FDBEEC /* Project object */;
}
